
Microsoft Visual Studio Solution File, Format Version 12.00
# Visual Studio 15
Project("{FAE04EC0-301F-11D3-BF4B-00C04F79EFBC}") = "th01_u3d.Plugins", "th01_u3d.Plugins.csproj", "{C92A50B1-0726-E201-9CFF-4DE838DB51DB}"
EndProject
Project("{FAE04EC0-301F-11D3-BF4B-00C04F79EFBC}") = "th01_u3d", "th01_u3d.csproj", "{7B7FB728-0FE5-D4B0-EDB0-51B3191AF89C}"
EndProject
Project("{FAE04EC0-301F-11D3-BF4B-00C04F79EFBC}") = "th01_u3d.Editor", "th01_u3d.Editor.csproj", "{F28018EA-A0BF-3150-759B-3CA24B7CBF6D}"
EndProject
Project("{FAE04EC0-301F-11D3-BF4B-00C04F79EFBC}") = "th01_u3d.Editor.Plugins", "th01_u3d.Editor.Plugins.csproj", "{742377A1-F9EA-87D6-34C0-866342D8BF19}"
EndProject
Global
	GlobalSection(SolutionConfigurationPlatforms) = preSolution
		Debug|Any CPU = Debug|Any CPU
		Release|Any CPU = Release|Any CPU
	EndGlobalSection
	GlobalSection(ProjectConfigurationPlatforms) = postSolution
		{C92A50B1-0726-E201-9CFF-4DE838DB51DB}.Debug|Any CPU.ActiveCfg = Debug|Any CPU
		{C92A50B1-0726-E201-9CFF-4DE838DB51DB}.Debug|Any CPU.Build.0 = Debug|Any CPU
		{C92A50B1-0726-E201-9CFF-4DE838DB51DB}.Release|Any CPU.ActiveCfg = Release|Any CPU
		{C92A50B1-0726-E201-9CFF-4DE838DB51DB}.Release|Any CPU.Build.0 = Release|Any CPU
		{7B7FB728-0FE5-D4B0-EDB0-51B3191AF89C}.Debug|Any CPU.ActiveCfg = Debug|Any CPU
		{7B7FB728-0FE5-D4B0-EDB0-51B3191AF89C}.Debug|Any CPU.Build.0 = Debug|Any CPU
		{7B7FB728-0FE5-D4B0-EDB0-51B3191AF89C}.Release|Any CPU.ActiveCfg = Release|Any CPU
		{7B7FB728-0FE5-D4B0-EDB0-51B3191AF89C}.Release|Any CPU.Build.0 = Release|Any CPU
		{F28018EA-A0BF-3150-759B-3CA24B7CBF6D}.Debug|Any CPU.ActiveCfg = Debug|Any CPU
		{F28018EA-A0BF-3150-759B-3CA24B7CBF6D}.Debug|Any CPU.Build.0 = Debug|Any CPU
		{F28018EA-A0BF-3150-759B-3CA24B7CBF6D}.Release|Any CPU.ActiveCfg = Release|Any CPU
		{F28018EA-A0BF-3150-759B-3CA24B7CBF6D}.Release|Any CPU.Build.0 = Release|Any CPU
		{742377A1-F9EA-87D6-34C0-866342D8BF19}.Debug|Any CPU.ActiveCfg = Debug|Any CPU
		{742377A1-F9EA-87D6-34C0-866342D8BF19}.Debug|Any CPU.Build.0 = Debug|Any CPU
		{742377A1-F9EA-87D6-34C0-866342D8BF19}.Release|Any CPU.ActiveCfg = Release|Any CPU
		{742377A1-F9EA-87D6-34C0-866342D8BF19}.Release|Any CPU.Build.0 = Release|Any CPU
	EndGlobalSection
	GlobalSection(SolutionProperties) = preSolution
		HideSolutionNode = FALSE
	EndGlobalSection
EndGlobal
